{
    "_readme": [
        "This file locks the dependencies of your project to a known state",
        "Read more about it at http://getcomposer.org/doc/01-basic-usage.md#composer-lock-the-lock-file",
        "This file is @generated automatically"
    ],
    "hash": "b0f1816e5b3255718fe5ba22aadf9936",
    "packages": [
        {
            "name": "luracast/restler",
            "version": "dev-v3",
            "source": {
                "type": "git",
                "url": "https://github.com/AOEpeople/Restler.git",
                "reference": "origin/v3"
            },
            "type": "library",
            "time": "2015-03-23 10:31:34"
        }
    ],
    "packages-dev": [],
    "aliases": [],
    "minimum-stability": "stable",
    "stability-flags": {
        "luracast/restler": 20
    },
    "prefer-stable": false,
    "prefer-lowest": false,
    "platform": [],
    "platform-dev": []
}
